
Microsoft Visual Studio Solution File, Format Version 12.00
# Visual Studio Version 17
VisualStudioVersion = 17.0.31903.59
MinimumVisualStudioVersion = 10.0.40219.1
Project("{2150E333-8FDC-42A3-9474-1A3956D46DE8}") = "src", "src", "{21DF8058-32F3-46EA-BC22-B5198E8607C9}"
EndProject
Project("{2150E333-8FDC-42A3-9474-1A3956D46DE8}") = "Tests", "Tests", "{B4A21D7E-77A7-460A-82B6-0C504D523620}"
EndProject
Project("{FAE04EC0-301F-11D3-BF4B-00C04F79EFBC}") = "IntegrationTests", "src\Tests\IntegrationTests\IntegrationTests.csproj", "{593BAD99-F580-4264-B491-439ADF1ECB07}"
EndProject
Project("{2150E333-8FDC-42A3-9474-1A3956D46DE8}") = "Modules", "Modules", "{C93362C9-1A5C-4B8E-A575-D59E3D77BC68}"
EndProject
Project("{2150E333-8FDC-42A3-9474-1A3956D46DE8}") = "Institutions", "Institutions", "{AA0CD501-FB72-4FDC-9BB1-EEC6CB655851}"
EndProject
Project("{2150E333-8FDC-42A3-9474-1A3956D46DE8}") = "Tests", "Tests", "{3D543348-E0A5-462A-916A-FEB09A4587D1}"
EndProject
Project("{FAE04EC0-301F-11D3-BF4B-00C04F79EFBC}") = "Institutions.UnitTests", "src\Modules\Institutions\Tests\UnitTests\Institutions.UnitTests.csproj", "{70E1BD61-9B6A-425A-AB43-D4E77BA8261C}"
EndProject
Project("{FAE04EC0-301F-11D3-BF4B-00C04F79EFBC}") = "Institutions.IntegrationTests", "src\Modules\Institutions\Tests\IntegrationTests\Institutions.IntegrationTests.csproj", "{AD59C461-F714-4861-BD52-EDE17CF66A3D}"
EndProject
Project("{FAE04EC0-301F-11D3-BF4B-00C04F79EFBC}") = "Api", "src\Api\Api.csproj", "{B7DE94B0-FDC4-4988-8414-CF323D2390E9}"
EndProject
Project("{2150E333-8FDC-42A3-9474-1A3956D46DE8}") = "Common", "Common", "{558E47FF-E89B-4830-9DB7-E1A3C2B97266}"
EndProject
Project("{FAE04EC0-301F-11D3-BF4B-00C04F79EFBC}") = "Domain", "src\Common\Domain\Domain.csproj", "{11DB59BA-6981-4925-A887-B61B06007A97}"
EndProject
Project("{FAE04EC0-301F-11D3-BF4B-00C04F79EFBC}") = "Application", "src\Common\Application\Application.csproj", "{7D203B1F-42E5-45E8-97AE-5599F3829A71}"
EndProject
Project("{FAE04EC0-301F-11D3-BF4B-00C04F79EFBC}") = "Institutions.Domain", "src\Modules\Institutions\Domain\Institutions.Domain.csproj", "{E42F2A72-41AA-4DD2-93D9-68BBC081DCB2}"
EndProject
Project("{FAE04EC0-301F-11D3-BF4B-00C04F79EFBC}") = "Institutions.Application", "src\Modules\Institutions\Application\Institutions.Application.csproj", "{162D7DE8-A5F9-41E4-831A-9C5B941ECCD5}"
EndProject
Project("{FAE04EC0-301F-11D3-BF4B-00C04F79EFBC}") = "Institutions.Infrastructure", "src\Modules\Institutions\Infrastructure\Institutions.Infrastructure.csproj", "{16B1ABA6-9236-4A91-9C3D-675C22333D5C}"
EndProject
Global
	GlobalSection(SolutionConfigurationPlatforms) = preSolution
		Debug|Any CPU = Debug|Any CPU
		Release|Any CPU = Release|Any CPU
	EndGlobalSection
	GlobalSection(SolutionProperties) = preSolution
		HideSolutionNode = FALSE
	EndGlobalSection
	GlobalSection(ProjectConfigurationPlatforms) = postSolution
		{593BAD99-F580-4264-B491-439ADF1ECB07}.Debug|Any CPU.ActiveCfg = Debug|Any CPU
		{593BAD99-F580-4264-B491-439ADF1ECB07}.Debug|Any CPU.Build.0 = Debug|Any CPU
		{593BAD99-F580-4264-B491-439ADF1ECB07}.Release|Any CPU.ActiveCfg = Release|Any CPU
		{593BAD99-F580-4264-B491-439ADF1ECB07}.Release|Any CPU.Build.0 = Release|Any CPU
		{70E1BD61-9B6A-425A-AB43-D4E77BA8261C}.Debug|Any CPU.ActiveCfg = Debug|Any CPU
		{70E1BD61-9B6A-425A-AB43-D4E77BA8261C}.Debug|Any CPU.Build.0 = Debug|Any CPU
		{70E1BD61-9B6A-425A-AB43-D4E77BA8261C}.Release|Any CPU.ActiveCfg = Release|Any CPU
		{70E1BD61-9B6A-425A-AB43-D4E77BA8261C}.Release|Any CPU.Build.0 = Release|Any CPU
		{AD59C461-F714-4861-BD52-EDE17CF66A3D}.Debug|Any CPU.ActiveCfg = Debug|Any CPU
		{AD59C461-F714-4861-BD52-EDE17CF66A3D}.Debug|Any CPU.Build.0 = Debug|Any CPU
		{AD59C461-F714-4861-BD52-EDE17CF66A3D}.Release|Any CPU.ActiveCfg = Release|Any CPU
		{AD59C461-F714-4861-BD52-EDE17CF66A3D}.Release|Any CPU.Build.0 = Release|Any CPU
		{B7DE94B0-FDC4-4988-8414-CF323D2390E9}.Debug|Any CPU.ActiveCfg = Debug|Any CPU
		{B7DE94B0-FDC4-4988-8414-CF323D2390E9}.Debug|Any CPU.Build.0 = Debug|Any CPU
		{B7DE94B0-FDC4-4988-8414-CF323D2390E9}.Release|Any CPU.ActiveCfg = Release|Any CPU
		{B7DE94B0-FDC4-4988-8414-CF323D2390E9}.Release|Any CPU.Build.0 = Release|Any CPU
		{11DB59BA-6981-4925-A887-B61B06007A97}.Debug|Any CPU.ActiveCfg = Debug|Any CPU
		{11DB59BA-6981-4925-A887-B61B06007A97}.Debug|Any CPU.Build.0 = Debug|Any CPU
		{11DB59BA-6981-4925-A887-B61B06007A97}.Release|Any CPU.ActiveCfg = Release|Any CPU
		{11DB59BA-6981-4925-A887-B61B06007A97}.Release|Any CPU.Build.0 = Release|Any CPU
		{7D203B1F-42E5-45E8-97AE-5599F3829A71}.Debug|Any CPU.ActiveCfg = Debug|Any CPU
		{7D203B1F-42E5-45E8-97AE-5599F3829A71}.Debug|Any CPU.Build.0 = Debug|Any CPU
		{7D203B1F-42E5-45E8-97AE-5599F3829A71}.Release|Any CPU.ActiveCfg = Release|Any CPU
		{7D203B1F-42E5-45E8-97AE-5599F3829A71}.Release|Any CPU.Build.0 = Release|Any CPU
		{E42F2A72-41AA-4DD2-93D9-68BBC081DCB2}.Debug|Any CPU.ActiveCfg = Debug|Any CPU
		{E42F2A72-41AA-4DD2-93D9-68BBC081DCB2}.Debug|Any CPU.Build.0 = Debug|Any CPU
		{E42F2A72-41AA-4DD2-93D9-68BBC081DCB2}.Release|Any CPU.ActiveCfg = Release|Any CPU
		{E42F2A72-41AA-4DD2-93D9-68BBC081DCB2}.Release|Any CPU.Build.0 = Release|Any CPU
		{162D7DE8-A5F9-41E4-831A-9C5B941ECCD5}.Debug|Any CPU.ActiveCfg = Debug|Any CPU
		{162D7DE8-A5F9-41E4-831A-9C5B941ECCD5}.Debug|Any CPU.Build.0 = Debug|Any CPU
		{162D7DE8-A5F9-41E4-831A-9C5B941ECCD5}.Release|Any CPU.ActiveCfg = Release|Any CPU
		{162D7DE8-A5F9-41E4-831A-9C5B941ECCD5}.Release|Any CPU.Build.0 = Release|Any CPU
		{16B1ABA6-9236-4A91-9C3D-675C22333D5C}.Debug|Any CPU.ActiveCfg = Debug|Any CPU
		{16B1ABA6-9236-4A91-9C3D-675C22333D5C}.Debug|Any CPU.Build.0 = Debug|Any CPU
		{16B1ABA6-9236-4A91-9C3D-675C22333D5C}.Release|Any CPU.ActiveCfg = Release|Any CPU
		{16B1ABA6-9236-4A91-9C3D-675C22333D5C}.Release|Any CPU.Build.0 = Release|Any CPU
	EndGlobalSection
	GlobalSection(NestedProjects) = preSolution
		{B4A21D7E-77A7-460A-82B6-0C504D523620} = {21DF8058-32F3-46EA-BC22-B5198E8607C9}
		{593BAD99-F580-4264-B491-439ADF1ECB07} = {B4A21D7E-77A7-460A-82B6-0C504D523620}
		{C93362C9-1A5C-4B8E-A575-D59E3D77BC68} = {21DF8058-32F3-46EA-BC22-B5198E8607C9}
		{AA0CD501-FB72-4FDC-9BB1-EEC6CB655851} = {C93362C9-1A5C-4B8E-A575-D59E3D77BC68}
		{3D543348-E0A5-462A-916A-FEB09A4587D1} = {AA0CD501-FB72-4FDC-9BB1-EEC6CB655851}
		{70E1BD61-9B6A-425A-AB43-D4E77BA8261C} = {3D543348-E0A5-462A-916A-FEB09A4587D1}
		{AD59C461-F714-4861-BD52-EDE17CF66A3D} = {3D543348-E0A5-462A-916A-FEB09A4587D1}
		{B7DE94B0-FDC4-4988-8414-CF323D2390E9} = {21DF8058-32F3-46EA-BC22-B5198E8607C9}
		{558E47FF-E89B-4830-9DB7-E1A3C2B97266} = {21DF8058-32F3-46EA-BC22-B5198E8607C9}
		{11DB59BA-6981-4925-A887-B61B06007A97} = {558E47FF-E89B-4830-9DB7-E1A3C2B97266}
		{7D203B1F-42E5-45E8-97AE-5599F3829A71} = {558E47FF-E89B-4830-9DB7-E1A3C2B97266}
		{E42F2A72-41AA-4DD2-93D9-68BBC081DCB2} = {AA0CD501-FB72-4FDC-9BB1-EEC6CB655851}
		{162D7DE8-A5F9-41E4-831A-9C5B941ECCD5} = {AA0CD501-FB72-4FDC-9BB1-EEC6CB655851}
		{16B1ABA6-9236-4A91-9C3D-675C22333D5C} = {AA0CD501-FB72-4FDC-9BB1-EEC6CB655851}
	EndGlobalSection
EndGlobal
