
Microsoft Visual Studio Solution File, Format Version 12.00
# Visual Studio Version 17
VisualStudioVersion = 17.0.31903.59
MinimumVisualStudioVersion = 10.0.40219.1
Project("{2150E333-8FDC-42A3-9474-1A3956D46DE8}") = "src", "src", "{21DF8058-32F3-46EA-BC22-B5198E8607C9}"
EndProject
Project("{2150E333-8FDC-42A3-9474-1A3956D46DE8}") = "Tests", "Tests", "{B4A21D7E-77A7-460A-82B6-0C504D523620}"
EndProject
Project("{FAE04EC0-301F-11D3-BF4B-00C04F79EFBC}") = "IntegrationTests", "src\Tests\IntegrationTests\IntegrationTests.csproj", "{593BAD99-F580-4264-B491-439ADF1ECB07}"
EndProject
Project("{2150E333-8FDC-42A3-9474-1A3956D46DE8}") = "Modules", "Modules", "{C93362C9-1A5C-4B8E-A575-D59E3D77BC68}"
EndProject
Project("{2150E333-8FDC-42A3-9474-1A3956D46DE8}") = "Institutions", "Institutions", "{AA0CD501-FB72-4FDC-9BB1-EEC6CB655851}"
EndProject
Project("{2150E333-8FDC-42A3-9474-1A3956D46DE8}") = "Tests", "Tests", "{3D543348-E0A5-462A-916A-FEB09A4587D1}"
EndProject
Project("{FAE04EC0-301F-11D3-BF4B-00C04F79EFBC}") = "Institutions.UnitTests", "src\Modules\Institutions\Tests\UnitTests\Institutions.UnitTests.csproj", "{70E1BD61-9B6A-425A-AB43-D4E77BA8261C}"
EndProject
Project("{FAE04EC0-301F-11D3-BF4B-00C04F79EFBC}") = "Institutions.IntegrationTests", "src\Modules\Institutions\Tests\IntegrationTests\Institutions.IntegrationTests.csproj", "{AD59C461-F714-4861-BD52-EDE17CF66A3D}"
EndProject
Project("{FAE04EC0-301F-11D3-BF4B-00C04F79EFBC}") = "Api", "src\Api\Api.csproj", "{B7DE94B0-FDC4-4988-8414-CF323D2390E9}"
EndProject
Project("{2150E333-8FDC-42A3-9474-1A3956D46DE8}") = "Common", "Common", "{558E47FF-E89B-4830-9DB7-E1A3C2B97266}"
EndProject
Project("{FAE04EC0-301F-11D3-BF4B-00C04F79EFBC}") = "Domain", "src\Common\Domain\Domain.csproj", "{11DB59BA-6981-4925-A887-B61B06007A97}"
EndProject
Project("{FAE04EC0-301F-11D3-BF4B-00C04F79EFBC}") = "Application", "src\Common\Application\Application.csproj", "{7D203B1F-42E5-45E8-97AE-5599F3829A71}"
EndProject
Project("{FAE04EC0-301F-11D3-BF4B-00C04F79EFBC}") = "Institutions.Domain", "src\Modules\Institutions\Domain\Institutions.Domain.csproj", "{E42F2A72-41AA-4DD2-93D9-68BBC081DCB2}"
EndProject
Project("{FAE04EC0-301F-11D3-BF4B-00C04F79EFBC}") = "Institutions.Application", "src\Modules\Institutions\Application\Institutions.Application.csproj", "{162D7DE8-A5F9-41E4-831A-9C5B941ECCD5}"
EndProject
Project("{FAE04EC0-301F-11D3-BF4B-00C04F79EFBC}") = "Institutions.Infrastructure", "src\Modules\Institutions\Infrastructure\Institutions.Infrastructure.csproj", "{16B1ABA6-9236-4A91-9C3D-675C22333D5C}"
EndProject
Project("{2150E333-8FDC-42A3-9474-1A3956D46DE8}") = "Students", "Students", "{D120C021-05CD-4191-9BAB-CF8138C84B9A}"
EndProject
Project("{FAE04EC0-301F-11D3-BF4B-00C04F79EFBC}") = "Students.Application", "src\Modules\Students\Application\Students.Application.csproj", "{E7EFDAD4-A795-463E-A682-C674D17E1EC7}"
EndProject
Project("{FAE04EC0-301F-11D3-BF4B-00C04F79EFBC}") = "Students.Domain", "src\Modules\Students\Domain\Students.Domain.csproj", "{89CB57A2-7157-47A7-B631-58EBF0F4CF56}"
EndProject
Project("{2150E333-8FDC-42A3-9474-1A3956D46DE8}") = "Tests", "Tests", "{89B16D47-74B6-4819-9734-46466D5F7F84}"
EndProject
Project("{FAE04EC0-301F-11D3-BF4B-00C04F79EFBC}") = "Students.IntegrationTests", "src\Modules\Students\Tests\IntegrationTests\Students.IntegrationTests.csproj", "{FD2C9319-72A8-4B5C-BB6F-110D14B45116}"
EndProject
Project("{FAE04EC0-301F-11D3-BF4B-00C04F79EFBC}") = "Students.Infrastructure", "src\Modules\Students\Infrastructure\Students.Infrastructure.csproj", "{424F7B1F-8645-4C4F-B778-F5D3A791F35C}"
EndProject
Project("{2150E333-8FDC-42A3-9474-1A3956D46DE8}") = "UserAccess", "UserAccess", "{269021C7-DDB2-495B-8601-FEF24490A0EA}"
EndProject
Project("{FAE04EC0-301F-11D3-BF4B-00C04F79EFBC}") = "UserAccess.Application", "src\Modules\UserAccess\Application\UserAccess.Application.csproj", "{52D14CF0-CCFD-4F31-A4D1-68808B218549}"
EndProject
Project("{FAE04EC0-301F-11D3-BF4B-00C04F79EFBC}") = "UserAccess.Domain", "src\Modules\UserAccess\Domain\UserAccess.Domain.csproj", "{CBFAFDDB-C18E-4FB7-8C0C-9ADB7365107F}"
EndProject
Project("{FAE04EC0-301F-11D3-BF4B-00C04F79EFBC}") = "UserAccess.Infrastructure", "src\Modules\UserAccess\Infrastructure\UserAccess.Infrastructure.csproj", "{3CF9FB88-6966-47A0-ABAD-4885CAE57E3C}"
EndProject
Global
	GlobalSection(SolutionConfigurationPlatforms) = preSolution
		Debug|Any CPU = Debug|Any CPU
		Release|Any CPU = Release|Any CPU
	EndGlobalSection
	GlobalSection(SolutionProperties) = preSolution
		HideSolutionNode = FALSE
	EndGlobalSection
	GlobalSection(ProjectConfigurationPlatforms) = postSolution
		{593BAD99-F580-4264-B491-439ADF1ECB07}.Debug|Any CPU.ActiveCfg = Debug|Any CPU
		{593BAD99-F580-4264-B491-439ADF1ECB07}.Debug|Any CPU.Build.0 = Debug|Any CPU
		{593BAD99-F580-4264-B491-439ADF1ECB07}.Release|Any CPU.ActiveCfg = Release|Any CPU
		{593BAD99-F580-4264-B491-439ADF1ECB07}.Release|Any CPU.Build.0 = Release|Any CPU
		{70E1BD61-9B6A-425A-AB43-D4E77BA8261C}.Debug|Any CPU.ActiveCfg = Debug|Any CPU
		{70E1BD61-9B6A-425A-AB43-D4E77BA8261C}.Debug|Any CPU.Build.0 = Debug|Any CPU
		{70E1BD61-9B6A-425A-AB43-D4E77BA8261C}.Release|Any CPU.ActiveCfg = Release|Any CPU
		{70E1BD61-9B6A-425A-AB43-D4E77BA8261C}.Release|Any CPU.Build.0 = Release|Any CPU
		{AD59C461-F714-4861-BD52-EDE17CF66A3D}.Debug|Any CPU.ActiveCfg = Debug|Any CPU
		{AD59C461-F714-4861-BD52-EDE17CF66A3D}.Debug|Any CPU.Build.0 = Debug|Any CPU
		{AD59C461-F714-4861-BD52-EDE17CF66A3D}.Release|Any CPU.ActiveCfg = Release|Any CPU
		{AD59C461-F714-4861-BD52-EDE17CF66A3D}.Release|Any CPU.Build.0 = Release|Any CPU
		{B7DE94B0-FDC4-4988-8414-CF323D2390E9}.Debug|Any CPU.ActiveCfg = Debug|Any CPU
		{B7DE94B0-FDC4-4988-8414-CF323D2390E9}.Debug|Any CPU.Build.0 = Debug|Any CPU
		{B7DE94B0-FDC4-4988-8414-CF323D2390E9}.Release|Any CPU.ActiveCfg = Release|Any CPU
		{B7DE94B0-FDC4-4988-8414-CF323D2390E9}.Release|Any CPU.Build.0 = Release|Any CPU
		{11DB59BA-6981-4925-A887-B61B06007A97}.Debug|Any CPU.ActiveCfg = Debug|Any CPU
		{11DB59BA-6981-4925-A887-B61B06007A97}.Debug|Any CPU.Build.0 = Debug|Any CPU
		{11DB59BA-6981-4925-A887-B61B06007A97}.Release|Any CPU.ActiveCfg = Release|Any CPU
		{11DB59BA-6981-4925-A887-B61B06007A97}.Release|Any CPU.Build.0 = Release|Any CPU
		{7D203B1F-42E5-45E8-97AE-5599F3829A71}.Debug|Any CPU.ActiveCfg = Debug|Any CPU
		{7D203B1F-42E5-45E8-97AE-5599F3829A71}.Debug|Any CPU.Build.0 = Debug|Any CPU
		{7D203B1F-42E5-45E8-97AE-5599F3829A71}.Release|Any CPU.ActiveCfg = Release|Any CPU
		{7D203B1F-42E5-45E8-97AE-5599F3829A71}.Release|Any CPU.Build.0 = Release|Any CPU
		{E42F2A72-41AA-4DD2-93D9-68BBC081DCB2}.Debug|Any CPU.ActiveCfg = Debug|Any CPU
		{E42F2A72-41AA-4DD2-93D9-68BBC081DCB2}.Debug|Any CPU.Build.0 = Debug|Any CPU
		{E42F2A72-41AA-4DD2-93D9-68BBC081DCB2}.Release|Any CPU.ActiveCfg = Release|Any CPU
		{E42F2A72-41AA-4DD2-93D9-68BBC081DCB2}.Release|Any CPU.Build.0 = Release|Any CPU
		{162D7DE8-A5F9-41E4-831A-9C5B941ECCD5}.Debug|Any CPU.ActiveCfg = Debug|Any CPU
		{162D7DE8-A5F9-41E4-831A-9C5B941ECCD5}.Debug|Any CPU.Build.0 = Debug|Any CPU
		{162D7DE8-A5F9-41E4-831A-9C5B941ECCD5}.Release|Any CPU.ActiveCfg = Release|Any CPU
		{162D7DE8-A5F9-41E4-831A-9C5B941ECCD5}.Release|Any CPU.Build.0 = Release|Any CPU
		{16B1ABA6-9236-4A91-9C3D-675C22333D5C}.Debug|Any CPU.ActiveCfg = Debug|Any CPU
		{16B1ABA6-9236-4A91-9C3D-675C22333D5C}.Debug|Any CPU.Build.0 = Debug|Any CPU
		{16B1ABA6-9236-4A91-9C3D-675C22333D5C}.Release|Any CPU.ActiveCfg = Release|Any CPU
		{16B1ABA6-9236-4A91-9C3D-675C22333D5C}.Release|Any CPU.Build.0 = Release|Any CPU
		{E7EFDAD4-A795-463E-A682-C674D17E1EC7}.Debug|Any CPU.ActiveCfg = Debug|Any CPU
		{E7EFDAD4-A795-463E-A682-C674D17E1EC7}.Debug|Any CPU.Build.0 = Debug|Any CPU
		{E7EFDAD4-A795-463E-A682-C674D17E1EC7}.Release|Any CPU.ActiveCfg = Release|Any CPU
		{E7EFDAD4-A795-463E-A682-C674D17E1EC7}.Release|Any CPU.Build.0 = Release|Any CPU
		{89CB57A2-7157-47A7-B631-58EBF0F4CF56}.Debug|Any CPU.ActiveCfg = Debug|Any CPU
		{89CB57A2-7157-47A7-B631-58EBF0F4CF56}.Debug|Any CPU.Build.0 = Debug|Any CPU
		{89CB57A2-7157-47A7-B631-58EBF0F4CF56}.Release|Any CPU.ActiveCfg = Release|Any CPU
		{89CB57A2-7157-47A7-B631-58EBF0F4CF56}.Release|Any CPU.Build.0 = Release|Any CPU
		{FD2C9319-72A8-4B5C-BB6F-110D14B45116}.Debug|Any CPU.ActiveCfg = Debug|Any CPU
		{FD2C9319-72A8-4B5C-BB6F-110D14B45116}.Debug|Any CPU.Build.0 = Debug|Any CPU
		{FD2C9319-72A8-4B5C-BB6F-110D14B45116}.Release|Any CPU.ActiveCfg = Release|Any CPU
		{FD2C9319-72A8-4B5C-BB6F-110D14B45116}.Release|Any CPU.Build.0 = Release|Any CPU
		{424F7B1F-8645-4C4F-B778-F5D3A791F35C}.Debug|Any CPU.ActiveCfg = Debug|Any CPU
		{424F7B1F-8645-4C4F-B778-F5D3A791F35C}.Debug|Any CPU.Build.0 = Debug|Any CPU
		{424F7B1F-8645-4C4F-B778-F5D3A791F35C}.Release|Any CPU.ActiveCfg = Release|Any CPU
		{424F7B1F-8645-4C4F-B778-F5D3A791F35C}.Release|Any CPU.Build.0 = Release|Any CPU
		{52D14CF0-CCFD-4F31-A4D1-68808B218549}.Debug|Any CPU.ActiveCfg = Debug|Any CPU
		{52D14CF0-CCFD-4F31-A4D1-68808B218549}.Debug|Any CPU.Build.0 = Debug|Any CPU
		{52D14CF0-CCFD-4F31-A4D1-68808B218549}.Release|Any CPU.ActiveCfg = Release|Any CPU
		{52D14CF0-CCFD-4F31-A4D1-68808B218549}.Release|Any CPU.Build.0 = Release|Any CPU
		{CBFAFDDB-C18E-4FB7-8C0C-9ADB7365107F}.Debug|Any CPU.ActiveCfg = Debug|Any CPU
		{CBFAFDDB-C18E-4FB7-8C0C-9ADB7365107F}.Debug|Any CPU.Build.0 = Debug|Any CPU
		{CBFAFDDB-C18E-4FB7-8C0C-9ADB7365107F}.Release|Any CPU.ActiveCfg = Release|Any CPU
		{CBFAFDDB-C18E-4FB7-8C0C-9ADB7365107F}.Release|Any CPU.Build.0 = Release|Any CPU
		{3CF9FB88-6966-47A0-ABAD-4885CAE57E3C}.Debug|Any CPU.ActiveCfg = Debug|Any CPU
		{3CF9FB88-6966-47A0-ABAD-4885CAE57E3C}.Debug|Any CPU.Build.0 = Debug|Any CPU
		{3CF9FB88-6966-47A0-ABAD-4885CAE57E3C}.Release|Any CPU.ActiveCfg = Release|Any CPU
		{3CF9FB88-6966-47A0-ABAD-4885CAE57E3C}.Release|Any CPU.Build.0 = Release|Any CPU
	EndGlobalSection
	GlobalSection(NestedProjects) = preSolution
		{B4A21D7E-77A7-460A-82B6-0C504D523620} = {21DF8058-32F3-46EA-BC22-B5198E8607C9}
		{593BAD99-F580-4264-B491-439ADF1ECB07} = {B4A21D7E-77A7-460A-82B6-0C504D523620}
		{C93362C9-1A5C-4B8E-A575-D59E3D77BC68} = {21DF8058-32F3-46EA-BC22-B5198E8607C9}
		{AA0CD501-FB72-4FDC-9BB1-EEC6CB655851} = {C93362C9-1A5C-4B8E-A575-D59E3D77BC68}
		{3D543348-E0A5-462A-916A-FEB09A4587D1} = {AA0CD501-FB72-4FDC-9BB1-EEC6CB655851}
		{70E1BD61-9B6A-425A-AB43-D4E77BA8261C} = {3D543348-E0A5-462A-916A-FEB09A4587D1}
		{AD59C461-F714-4861-BD52-EDE17CF66A3D} = {3D543348-E0A5-462A-916A-FEB09A4587D1}
		{B7DE94B0-FDC4-4988-8414-CF323D2390E9} = {21DF8058-32F3-46EA-BC22-B5198E8607C9}
		{558E47FF-E89B-4830-9DB7-E1A3C2B97266} = {21DF8058-32F3-46EA-BC22-B5198E8607C9}
		{11DB59BA-6981-4925-A887-B61B06007A97} = {558E47FF-E89B-4830-9DB7-E1A3C2B97266}
		{7D203B1F-42E5-45E8-97AE-5599F3829A71} = {558E47FF-E89B-4830-9DB7-E1A3C2B97266}
		{E42F2A72-41AA-4DD2-93D9-68BBC081DCB2} = {AA0CD501-FB72-4FDC-9BB1-EEC6CB655851}
		{162D7DE8-A5F9-41E4-831A-9C5B941ECCD5} = {AA0CD501-FB72-4FDC-9BB1-EEC6CB655851}
		{16B1ABA6-9236-4A91-9C3D-675C22333D5C} = {AA0CD501-FB72-4FDC-9BB1-EEC6CB655851}
		{D120C021-05CD-4191-9BAB-CF8138C84B9A} = {C93362C9-1A5C-4B8E-A575-D59E3D77BC68}
		{E7EFDAD4-A795-463E-A682-C674D17E1EC7} = {D120C021-05CD-4191-9BAB-CF8138C84B9A}
		{89CB57A2-7157-47A7-B631-58EBF0F4CF56} = {D120C021-05CD-4191-9BAB-CF8138C84B9A}
		{89B16D47-74B6-4819-9734-46466D5F7F84} = {D120C021-05CD-4191-9BAB-CF8138C84B9A}
		{FD2C9319-72A8-4B5C-BB6F-110D14B45116} = {89B16D47-74B6-4819-9734-46466D5F7F84}
		{424F7B1F-8645-4C4F-B778-F5D3A791F35C} = {D120C021-05CD-4191-9BAB-CF8138C84B9A}
		{269021C7-DDB2-495B-8601-FEF24490A0EA} = {C93362C9-1A5C-4B8E-A575-D59E3D77BC68}
		{52D14CF0-CCFD-4F31-A4D1-68808B218549} = {269021C7-DDB2-495B-8601-FEF24490A0EA}
		{CBFAFDDB-C18E-4FB7-8C0C-9ADB7365107F} = {269021C7-DDB2-495B-8601-FEF24490A0EA}
		{3CF9FB88-6966-47A0-ABAD-4885CAE57E3C} = {269021C7-DDB2-495B-8601-FEF24490A0EA}
	EndGlobalSection
EndGlobal
